{
  "pins" : [
    {
      "identity" : "bottomsheetwain",
      "kind" : "remoteSourceControl",
      "location" : "https://github.com/subin-qmic/BottomSheetWain",
      "state" : {
        "branch" : "main",
        "revision" : "e04ec6e8ae3864b8714a40cde4ce204e89409a66"
      }
    }
  ],
  "version" : 2
}
